github.com/biogo/hts v1.4.5 h1:mhVCpZaTYlAhBjMaAATGWBnauioBtmvOb0ApLdU4/+0=
github.com/biogo/hts v1.4.5/go.mod h1:GgiMFa6c4eEkwS3kCBRPv3oPgtRm7L8SXvdE9nICnYc=
github.com/brentp/irelate v0.0.1 h1:uVK5yw9XaDzi+04zbob4q9K6u2e5dcdqH7UO1+6Keo0=
github.com/brentp/irelate v0.0.1/go.mod h1:Ct+JzyZC+JSi9WUkw3IGWc/j0yYEt4235wKCfLOKN54=
github.com/brentp/vcfgo v0.0.0-20240719195511-b340b4d67893 h1:XPR0ZXLiJdDU+b5JwobB572rd7f/36oKATfNiFlpb/4=
github.com/brentp/vcfgo v0.0.0-20240719195511-b340b4d67893/go.mod h1:DDMWmbbsIQXT6k6RvgvlI1AGtjaYVr5de1c+ATUw9ls=
github.com/brentp/xopen v0.0.0-20220602092336-8ece9a01569d h1:rqd1bH+SuYDvHKLkGMfVPPq9AmgRAFE0XaXgjPzY7zQ=
github.com/brentp/xopen v0.0.0-20220602092336-8ece9a01569d/go.mod h1:e9h4TyB6lQQXv8+zIg6/OskMHMuNXeyo4Ezw/47wWi0=
github.com/cpuguy83/go-md2man/v2 v2.0.4 h1:wfIWP927BUkWJb2NmU/kNDYIBTh/ziUX91+lVfRxZq4=
github.com/cpuguy83/go-md2man/v2 v2.0.4/go.mod h1:tgQtvFlXSQOSOSIRvRPT7W67SCa46tRHOmNcaadrF8o=
github.com/russross/blackfriday/v2 v2.1.0 h1:JIOH55/0cWyOuilr9/qlrm0BSXldqnqwMsf35Ld67mk=
github.com/russross/blackfriday/v2 v2.1.0/go.mod h1:+Rmxgy9KzJVeS9/2gXHxylqXiyQDYRxCVz55jmeOWTM=
github.com/urfave/cli/v2 v2.27.4 h1:o1owoI+02Eb+K107p27wEX9Bb8eqIoZCfLXloLUSWJ8=
github.com/urfave/cli/v2 v2.27.4/go.mod h1:m4QzxcD2qpra4z7WhzEGn74WZLViBnMpb1ToCAKdGRQ=
github.com/xrash/smetrics v0.0.0-20240521201337-686a1a2994c1 h1:gEOO8jv9F4OT7lGCjxCBTO/36wtF6j2nSip77qHd4x4=
github.com/xrash/smetrics v0.0.0-20240521201337-686a1a2994c1/go.mod h1:Ohn+xnUBiLI6FVj/9LpzZWtj1/D6lUovWYBkxHVV3aM=
